
Microsoft Visual Studio Solution File, Format Version 12.00
# Visual Studio 2012
Project("{FAE04EC0-301F-11D3-BF4B-00C04F79EFBC}") = "WebTraining", "WebTraining\WebTraining.csproj", "{47CC16B1-F15B-4910-A3BB-A4D21492506B}"
EndProject
Project("{FAE04EC0-301F-11D3-BF4B-00C04F79EFBC}") = "WebTraining.Tests", "WebTraining.Tests\WebTraining.Tests.csproj", "{AB25550E-0453-4AA6-A4D2-4F075D9DFF92}"
EndProject
Project("{FAE04EC0-301F-11D3-BF4B-00C04F79EFBC}") = "EF", "EF\EF.csproj", "{244950BA-08BC-4A2D-B51D-EFEFAC2AD387}"
EndProject
Project("{FAE04EC0-301F-11D3-BF4B-00C04F79EFBC}") = "CodeFirstEF", "CodeFirstEF\CodeFirstEF.csproj", "{7F74B217-746E-4F2E-9F4C-2B680D49601A}"
EndProject
Global
	GlobalSection(SolutionConfigurationPlatforms) = preSolution
		Debug|Any CPU = Debug|Any CPU
		Release|Any CPU = Release|Any CPU
	EndGlobalSection
	GlobalSection(ProjectConfigurationPlatforms) = postSolution
		{47CC16B1-F15B-4910-A3BB-A4D21492506B}.Debug|Any CPU.ActiveCfg = Debug|Any CPU
		{47CC16B1-F15B-4910-A3BB-A4D21492506B}.Debug|Any CPU.Build.0 = Debug|Any CPU
		{47CC16B1-F15B-4910-A3BB-A4D21492506B}.Release|Any CPU.ActiveCfg = Release|Any CPU
		{47CC16B1-F15B-4910-A3BB-A4D21492506B}.Release|Any CPU.Build.0 = Release|Any CPU
		{AB25550E-0453-4AA6-A4D2-4F075D9DFF92}.Debug|Any CPU.ActiveCfg = Debug|Any CPU
		{AB25550E-0453-4AA6-A4D2-4F075D9DFF92}.Debug|Any CPU.Build.0 = Debug|Any CPU
		{AB25550E-0453-4AA6-A4D2-4F075D9DFF92}.Release|Any CPU.ActiveCfg = Release|Any CPU
		{AB25550E-0453-4AA6-A4D2-4F075D9DFF92}.Release|Any CPU.Build.0 = Release|Any CPU
		{244950BA-08BC-4A2D-B51D-EFEFAC2AD387}.Debug|Any CPU.ActiveCfg = Debug|Any CPU
		{244950BA-08BC-4A2D-B51D-EFEFAC2AD387}.Debug|Any CPU.Build.0 = Debug|Any CPU
		{244950BA-08BC-4A2D-B51D-EFEFAC2AD387}.Release|Any CPU.ActiveCfg = Release|Any CPU
		{244950BA-08BC-4A2D-B51D-EFEFAC2AD387}.Release|Any CPU.Build.0 = Release|Any CPU
		{7F74B217-746E-4F2E-9F4C-2B680D49601A}.Debug|Any CPU.ActiveCfg = Debug|Any CPU
		{7F74B217-746E-4F2E-9F4C-2B680D49601A}.Debug|Any CPU.Build.0 = Debug|Any CPU
		{7F74B217-746E-4F2E-9F4C-2B680D49601A}.Release|Any CPU.ActiveCfg = Release|Any CPU
		{7F74B217-746E-4F2E-9F4C-2B680D49601A}.Release|Any CPU.Build.0 = Release|Any CPU
	EndGlobalSection
	GlobalSection(SolutionProperties) = preSolution
		HideSolutionNode = FALSE
	EndGlobalSection
EndGlobal
